
Microsoft Visual Studio Solution File, Format Version 12.00
# Visual Studio Version 17
VisualStudioVersion = 17.0.31903.59
MinimumVisualStudioVersion = 10.0.40219.1
Project("{FAE04EC0-301F-11D3-BF4B-00C04F79EFBC}") = "TaskFlowApi.API", "TaskFlowApi.API\TaskFlowApi.API.csproj", "{C0EF427F-EC15-4E25-8C10-ECC0C995E61E}"
EndProject
Project("{FAE04EC0-301F-11D3-BF4B-00C04F79EFBC}") = "TaskFlowApi.Domain", "TaskFlowApi.Domain\TaskFlowApi.Domain.csproj", "{7A3B3BE9-A804-490C-91EC-11B9CE506722}"
EndProject
Project("{FAE04EC0-301F-11D3-BF4B-00C04F79EFBC}") = "TaskFlowApi.Application", "TaskFlowApi.Application\TaskFlowApi.Application.csproj", "{3E8ED54A-4F77-4EF9-A2A1-6FB8AA9A7B9C}"
EndProject
Project("{FAE04EC0-301F-11D3-BF4B-00C04F79EFBC}") = "TaskFlowApi.Infrastructure", "TaskFlowApi.Infrastructure\TaskFlowApi.Infrastructure.csproj", "{89FA87A7-21BC-4043-A997-A410B1FBB573}"
EndProject
Project("{FAE04EC0-301F-11D3-BF4B-00C04F79EFBC}") = "TaskFlowApi.Tests", "TaskFlowApi.Tests\TaskFlowApi.Tests.csproj", "{366A399E-2302-431B-8DAF-7A85CBB69ECF}"
EndProject
Global
	GlobalSection(SolutionConfigurationPlatforms) = preSolution
		Debug|Any CPU = Debug|Any CPU
		Release|Any CPU = Release|Any CPU
	EndGlobalSection
	GlobalSection(SolutionProperties) = preSolution
		HideSolutionNode = FALSE
	EndGlobalSection
	GlobalSection(ProjectConfigurationPlatforms) = postSolution
		{C0EF427F-EC15-4E25-8C10-ECC0C995E61E}.Debug|Any CPU.ActiveCfg = Debug|Any CPU
		{C0EF427F-EC15-4E25-8C10-ECC0C995E61E}.Debug|Any CPU.Build.0 = Debug|Any CPU
		{C0EF427F-EC15-4E25-8C10-ECC0C995E61E}.Release|Any CPU.ActiveCfg = Release|Any CPU
		{C0EF427F-EC15-4E25-8C10-ECC0C995E61E}.Release|Any CPU.Build.0 = Release|Any CPU
		{7A3B3BE9-A804-490C-91EC-11B9CE506722}.Debug|Any CPU.ActiveCfg = Debug|Any CPU
		{7A3B3BE9-A804-490C-91EC-11B9CE506722}.Debug|Any CPU.Build.0 = Debug|Any CPU
		{7A3B3BE9-A804-490C-91EC-11B9CE506722}.Release|Any CPU.ActiveCfg = Release|Any CPU
		{7A3B3BE9-A804-490C-91EC-11B9CE506722}.Release|Any CPU.Build.0 = Release|Any CPU
		{3E8ED54A-4F77-4EF9-A2A1-6FB8AA9A7B9C}.Debug|Any CPU.ActiveCfg = Debug|Any CPU
		{3E8ED54A-4F77-4EF9-A2A1-6FB8AA9A7B9C}.Debug|Any CPU.Build.0 = Debug|Any CPU
		{3E8ED54A-4F77-4EF9-A2A1-6FB8AA9A7B9C}.Release|Any CPU.ActiveCfg = Release|Any CPU
		{3E8ED54A-4F77-4EF9-A2A1-6FB8AA9A7B9C}.Release|Any CPU.Build.0 = Release|Any CPU
		{89FA87A7-21BC-4043-A997-A410B1FBB573}.Debug|Any CPU.ActiveCfg = Debug|Any CPU
		{89FA87A7-21BC-4043-A997-A410B1FBB573}.Debug|Any CPU.Build.0 = Debug|Any CPU
		{89FA87A7-21BC-4043-A997-A410B1FBB573}.Release|Any CPU.ActiveCfg = Release|Any CPU
		{89FA87A7-21BC-4043-A997-A410B1FBB573}.Release|Any CPU.Build.0 = Release|Any CPU
		{366A399E-2302-431B-8DAF-7A85CBB69ECF}.Debug|Any CPU.ActiveCfg = Debug|Any CPU
		{366A399E-2302-431B-8DAF-7A85CBB69ECF}.Debug|Any CPU.Build.0 = Debug|Any CPU
		{366A399E-2302-431B-8DAF-7A85CBB69ECF}.Release|Any CPU.ActiveCfg = Release|Any CPU
		{366A399E-2302-431B-8DAF-7A85CBB69ECF}.Release|Any CPU.Build.0 = Release|Any CPU
	EndGlobalSection
EndGlobal
